
Microsoft Visual Studio Solution File, Format Version 12.00
# Visual Studio Version 16
VisualStudioVersion = 16.0.30611.23
MinimumVisualStudioVersion = 10.0.40219.1
Project("{FAE04EC0-301F-11D3-BF4B-00C04F79EFBC}") = "MiddleLayout_Semiconductor", "MiddleLayout_Semiconductor\MiddleLayout_Semiconductor.csproj", "{7582B6BE-0D3E-4216-B609-F44CF4A4A82B}"
EndProject
Global
	GlobalSection(SolutionConfigurationPlatforms) = preSolution
		Debug|Any CPU = Debug|Any CPU
		Release|Any CPU = Release|Any CPU
	EndGlobalSection
	GlobalSection(ProjectConfigurationPlatforms) = postSolution
		{7582B6BE-0D3E-4216-B609-F44CF4A4A82B}.Debug|Any CPU.ActiveCfg = Debug|Any CPU
		{7582B6BE-0D3E-4216-B609-F44CF4A4A82B}.Debug|Any CPU.Build.0 = Debug|Any CPU
		{7582B6BE-0D3E-4216-B609-F44CF4A4A82B}.Release|Any CPU.ActiveCfg = Release|Any CPU
		{7582B6BE-0D3E-4216-B609-F44CF4A4A82B}.Release|Any CPU.Build.0 = Release|Any CPU
	EndGlobalSection
	GlobalSection(SolutionProperties) = preSolution
		HideSolutionNode = FALSE
	EndGlobalSection
	GlobalSection(ExtensibilityGlobals) = postSolution
		SolutionGuid = {36E92A78-D14D-4ED0-8EBE-2229ACDE8CC4}
	EndGlobalSection
EndGlobal
